{
  "name": "Curso",
  "lockfileVersion": 3,
  "requires": true,
  "packages": {
    "": {
      "dependencies": {
        "@julioakira/cpf-cnpj-utils": "^1.4.2"
      }
    },
    "node_modules/@julioakira/cpf-cnpj-utils": {
      "version": "1.4.2",
      "resolved": "https://registry.npmjs.org/@julioakira/cpf-cnpj-utils/-/cpf-cnpj-utils-1.4.2.tgz",
      "integrity": "sha512-YUzKByAzFL1qVLbGB4Oi3+dqkrKeKfyMWQASein5ycYiw/R62drK9PSCmWxqkf7zQaLNtWll0eFCWILA78K9TA=="
    }
  }
}
